
Microsoft Visual Studio Solution File, Format Version 12.00
# Visual Studio Version 17
VisualStudioVersion = 17.13.35913.81 d17.13
MinimumVisualStudioVersion = 10.0.40219.1
Project("{FAE04EC0-301F-11D3-BF4B-00C04F79EFBC}") = "TodoCustomControls", "TodoCustomControls.csproj", "{1138FFD8-3096-4929-8A88-A834F1E9F6F1}"
EndProject
Global
	GlobalSection(SolutionConfigurationPlatforms) = preSolution
		Debug|Any CPU = Debug|Any CPU
		Release|Any CPU = Release|Any CPU
	EndGlobalSection
	GlobalSection(ProjectConfigurationPlatforms) = postSolution
		{1138FFD8-3096-4929-8A88-A834F1E9F6F1}.Debug|Any CPU.ActiveCfg = Debug|Any CPU
		{1138FFD8-3096-4929-8A88-A834F1E9F6F1}.Debug|Any CPU.Build.0 = Debug|Any CPU
		{1138FFD8-3096-4929-8A88-A834F1E9F6F1}.Release|Any CPU.ActiveCfg = Release|Any CPU
		{1138FFD8-3096-4929-8A88-A834F1E9F6F1}.Release|Any CPU.Build.0 = Release|Any CPU
	EndGlobalSection
	GlobalSection(SolutionProperties) = preSolution
		HideSolutionNode = FALSE
	EndGlobalSection
	GlobalSection(ExtensibilityGlobals) = postSolution
		SolutionGuid = {909C44E7-381A-4819-A974-B5A47882C7E2}
	EndGlobalSection
EndGlobal
